# Generated by pub
# See https://dart.dev/tools/pub/glossary#lockfile
packages:
  args:
    dependency: "direct main"
    description:
      name: args
      sha256: bf9f5caeea8d8fe6721a9c358dd8a5c1947b27f1cfaa18b39c301273594919e6
      url: "https://pub.dev"
    source: hosted
    version: "2.6.0"
  lints:
    dependency: "direct dev"
    description:
      name: lints
      sha256: "976c774dd944a42e83e2467f4cc670daef7eed6295b10b36ae8c85bcbf828235"
      url: "https://pub.dev"
    source: hosted
    version: "4.0.0"
sdks:
  dart: ">=3.5.3 <4.0.0"
